// !$*UTF8*$!
{
	archiveVersion = 1;
	classes = {
	};
	objectVersion = 51;
	objects = {

/* Begin PBXBuildFile section */
		34068F8C233B044000ABC7FC /* ContentCellF.xib in Resources */ = {isa = PBXBuildFile; fileRef = 34068F8B233B044000ABC7FC /* ContentCellF.xib */; };
		34068F8E233B0BC200ABC7FC /* ContentFCollectionViewCell.swift in Sources */ = {isa = PBXBuildFile; fileRef = 34068F8D233B0BC200ABC7FC /* ContentFCollectionViewCell.swift */; };
		3450C80A23272B1D00A75ED4 /* PaymentCardTableViewCell.swift in Sources */ = {isa = PBXBuildFile; fileRef = 3450C80923272B1D00A75ED4 /* PaymentCardTableViewCell.swift */; };
		3450C80C23272B3600A75ED4 /* PaymentCardCell.xib in Resources */ = {isa = PBXBuildFile; fileRef = 3450C80B23272B3600A75ED4 /* PaymentCardCell.xib */; };
		346D0B522337EB8900DB90F5 /* SerieContent.swift in Sources */ = {isa = PBXBuildFile; fileRef = 346D0B512337EB8900DB90F5 /* SerieContent.swift */; };
		346D0B5423380AD100DB90F5 /* SeriesContentService.swift in Sources */ = {isa = PBXBuildFile; fileRef = 346D0B5323380AD100DB90F5 /* SeriesContentService.swift */; };
		346D0B5623380C5A00DB90F5 /* SerieContentPresenter.swift in Sources */ = {isa = PBXBuildFile; fileRef = 346D0B5523380C5A00DB90F5 /* SerieContentPresenter.swift */; };
		346D0B582338352400DB90F5 /* ContentCellD.xib in Resources */ = {isa = PBXBuildFile; fileRef = 346D0B572338352400DB90F5 /* ContentCellD.xib */; };
		346D0B5A233838C300DB90F5 /* ContentDCollectionViewCell.swift in Sources */ = {isa = PBXBuildFile; fileRef = 346D0B59233838C300DB90F5 /* ContentDCollectionViewCell.swift */; };
		34779F0F23160FD30095BEAD /* Genre.swift in Sources */ = {isa = PBXBuildFile; fileRef = 34779F0E23160FD30095BEAD /* Genre.swift */; };
		3481CC51231F43520043B363 /* WButton.swift in Sources */ = {isa = PBXBuildFile; fileRef = 3481CC50231F43520043B363 /* WButton.swift */; };
		348F6F5F233719BC00970C43 /* NotInternetView.xib in Resources */ = {isa = PBXBuildFile; fileRef = 348F6F5E233719BC00970C43 /* NotInternetView.xib */; };
		348F6F61233719DE00970C43 /* NotInternetViewController.swift in Sources */ = {isa = PBXBuildFile; fileRef = 348F6F60233719DE00970C43 /* NotInternetViewController.swift */; };
		349A18D62318A54A00143F86 /* String+Extensions.swift in Sources */ = {isa = PBXBuildFile; fileRef = 349A18D52318A54A00143F86 /* String+Extensions.swift */; };
		349A18D82318BEDD00143F86 /* ContentCellC.xib in Resources */ = {isa = PBXBuildFile; fileRef = 349A18D72318BEDD00143F86 /* ContentCellC.xib */; };
		349A18DA2318C28900143F86 /* ContentCCollectionViewCell.swift in Sources */ = {isa = PBXBuildFile; fileRef = 349A18D92318C28900143F86 /* ContentCCollectionViewCell.swift */; };
		34B294A52321E15B00BB20D7 /* MediaData.swift in Sources */ = {isa = PBXBuildFile; fileRef = 34B294A42321E15B00BB20D7 /* MediaData.swift */; };
		34B294A72321EAB400BB20D7 /* MainMediaPlayerViewController.swift in Sources */ = {isa = PBXBuildFile; fileRef = 34B294A62321EAB400BB20D7 /* MainMediaPlayerViewController.swift */; };
		34B294A92321FE7F00BB20D7 /* MainMediaPlayerViewController.xib in Resources */ = {isa = PBXBuildFile; fileRef = 34B294A82321FE7F00BB20D7 /* MainMediaPlayerViewController.xib */; };
		34B5B40D2329AE4200B4AB57 /* FavCell.xib in Resources */ = {isa = PBXBuildFile; fileRef = 34B5B40C2329AE4200B4AB57 /* FavCell.xib */; };
		34B5B40F2329B2B800B4AB57 /* FavTableViewCell.swift in Sources */ = {isa = PBXBuildFile; fileRef = 34B5B40E2329B2B800B4AB57 /* FavTableViewCell.swift */; };
		34BD3B162323555400F1A620 /* LoadingContent.json in Resources */ = {isa = PBXBuildFile; fileRef = 34BD3B152323555400F1A620 /* LoadingContent.json */; };
		34BFBE33231DEB3F0058B65F /* MainTabBarViewController.swift in Sources */ = {isa = PBXBuildFile; fileRef = 34BFBE32231DEB3F0058B65F /* MainTabBarViewController.swift */; };
		34C4CE2F232B0D92005D72C3 /* Localizable.strings in Resources */ = {isa = PBXBuildFile; fileRef = 34C4CE31232B0D92005D72C3 /* Localizable.strings */; };
		34C4CE34232B1449005D72C3 /* UIElements+Extensions.swift in Sources */ = {isa = PBXBuildFile; fileRef = 34C4CE33232B1449005D72C3 /* UIElements+Extensions.swift */; };
		34CBA04C232E98D000EDF45D /* UserPresenter.swift in Sources */ = {isa = PBXBuildFile; fileRef = 34CBA04B232E98D000EDF45D /* UserPresenter.swift */; };
		34CBA04E232F009300EDF45D /* Keys.swift in Sources */ = {isa = PBXBuildFile; fileRef = 34CBA04D232F009300EDF45D /* Keys.swift */; };
		34D134A9231AF50A0053AA05 /* UIImageView+Extensions.swift in Sources */ = {isa = PBXBuildFile; fileRef = 34D134A8231AF50A0053AA05 /* UIImageView+Extensions.swift */; };
		34D134AB231B14CA0053AA05 /* CastCell.xib in Resources */ = {isa = PBXBuildFile; fileRef = 34D134AA231B14CA0053AA05 /* CastCell.xib */; };
		34D134AD231B15880053AA05 /* CastCollectionViewCell.swift in Sources */ = {isa = PBXBuildFile; fileRef = 34D134AC231B15880053AA05 /* CastCollectionViewCell.swift */; };
		34D134AF231B4F840053AA05 /* UIView+Extensions.swift in Sources */ = {isa = PBXBuildFile; fileRef = 34D134AE231B4F840053AA05 /* UIView+Extensions.swift */; };
		34D134B1231B537C0053AA05 /* DetailActionBtnCell.xib in Resources */ = {isa = PBXBuildFile; fileRef = 34D134B0231B537C0053AA05 /* DetailActionBtnCell.xib */; };
		34D134B5231B56470053AA05 /* DetailActionBtnTableViewCell.swift in Sources */ = {isa = PBXBuildFile; fileRef = 34D134B4231B56470053AA05 /* DetailActionBtnTableViewCell.swift */; };
		34D134B7231C50540053AA05 /* CastMember.swift in Sources */ = {isa = PBXBuildFile; fileRef = 34D134B6231C50540053AA05 /* CastMember.swift */; };
		34D96676232F138B001F888E /* WCard.swift in Sources */ = {isa = PBXBuildFile; fileRef = 34D96675232F138B001F888E /* WCard.swift */; };
		34DD5DC3233C56BC00C29285 /* EpisodeCell.xib in Resources */ = {isa = PBXBuildFile; fileRef = 34DD5DC2233C56BC00C29285 /* EpisodeCell.xib */; };
		34DD5DC5233C5A2100C29285 /* EpisodeTableViewCell.swift in Sources */ = {isa = PBXBuildFile; fileRef = 34DD5DC4233C5A2100C29285 /* EpisodeTableViewCell.swift */; };
		34DD5DC7233C61D100C29285 /* SerieDetailCell.xib in Resources */ = {isa = PBXBuildFile; fileRef = 34DD5DC6233C61D100C29285 /* SerieDetailCell.xib */; };
		34DD5DC9233C64B400C29285 /* SerieDetailTableViewCell.swift in Sources */ = {isa = PBXBuildFile; fileRef = 34DD5DC8233C64B400C29285 /* SerieDetailTableViewCell.swift */; };
		3512AE2DB5D34F755D0D29A0 /* Pods_WatchOnTests.framework in Frameworks */ = {isa = PBXBuildFile; fileRef = CDEEFFE589F57709F41FFF02 /* Pods_WatchOnTests.framework */; };
		3C1471FD22D12599000AE37D /* AppDelegate.swift in Sources */ = {isa = PBXBuildFile; fileRef = 3C1471FC22D12599000AE37D /* AppDelegate.swift */; };
		3C14720222D12599000AE37D /* Main.storyboard in Resources */ = {isa = PBXBuildFile; fileRef = 3C14720022D12599000AE37D /* Main.storyboard */; };
		3C14720422D1259B000AE37D /* Assets.xcassets in Resources */ = {isa = PBXBuildFile; fileRef = 3C14720322D1259B000AE37D /* Assets.xcassets */; };
		3C14720722D1259B000AE37D /* LaunchScreen.storyboard in Resources */ = {isa = PBXBuildFile; fileRef = 3C14720522D1259B000AE37D /* LaunchScreen.storyboard */; };
		3C14721222D1259B000AE37D /* WatchOnTests.swift in Sources */ = {isa = PBXBuildFile; fileRef = 3C14721122D1259B000AE37D /* WatchOnTests.swift */; };
		3C14721D22D1259B000AE37D /* WatchOnUITests.swift in Sources */ = {isa = PBXBuildFile; fileRef = 3C14721C22D1259B000AE37D /* WatchOnUITests.swift */; };
		3C3DEC1322D39DB700A358CD /* ContentACollectionViewCell.swift in Sources */ = {isa = PBXBuildFile; fileRef = 3C3DEC1222D39DB700A358CD /* ContentACollectionViewCell.swift */; };
		3C3DEC1522D39DC600A358CD /* ContentBCollectionViewCell.swift in Sources */ = {isa = PBXBuildFile; fileRef = 3C3DEC1422D39DC600A358CD /* ContentBCollectionViewCell.swift */; };
		3C3DEC1722D39E0000A358CD /* ContentSectionTableViewCell.swift in Sources */ = {isa = PBXBuildFile; fileRef = 3C3DEC1622D39E0000A358CD /* ContentSectionTableViewCell.swift */; };
		3C3DEC1922D39E2100A358CD /* ContentTableViewCell.swift in Sources */ = {isa = PBXBuildFile; fileRef = 3C3DEC1822D39E2100A358CD /* ContentTableViewCell.swift */; };
		3C3DEC1B22D3A38000A358CD /* MainContent.swift in Sources */ = {isa = PBXBuildFile; fileRef = 3C3DEC1A22D3A38000A358CD /* MainContent.swift */; };
		3C3DEC1F22D3A6C100A358CD /* UIColor+Extensions.swift in Sources */ = {isa = PBXBuildFile; fileRef = 3C3DEC1E22D3A6C100A358CD /* UIColor+Extensions.swift */; };
		3C3DEC2122D3A72600A358CD /* BaseViewController.swift in Sources */ = {isa = PBXBuildFile; fileRef = 3C3DEC2022D3A72600A358CD /* BaseViewController.swift */; };
		3C3F361622D6C18200E05672 /* DetailViewController.swift in Sources */ = {isa = PBXBuildFile; fileRef = 3C3F361522D6C18200E05672 /* DetailViewController.swift */; };
		3C3F361822D6C1DC00E05672 /* DetailViewController.xib in Resources */ = {isa = PBXBuildFile; fileRef = 3C3F361722D6C1DC00E05672 /* DetailViewController.xib */; };
		3C3F361A22D6C78700E05672 /* DetailCoverCell.xib in Resources */ = {isa = PBXBuildFile; fileRef = 3C3F361922D6C78700E05672 /* DetailCoverCell.xib */; };
		3C3F361C22D6C97700E05672 /* DetailCoverCellTableViewCell.swift in Sources */ = {isa = PBXBuildFile; fileRef = 3C3F361B22D6C97700E05672 /* DetailCoverCellTableViewCell.swift */; };
		3C3F362022D6CA9C00E05672 /* DetailSinoxisCell.xib in Resources */ = {isa = PBXBuildFile; fileRef = 3C3F361F22D6CA9C00E05672 /* DetailSinoxisCell.xib */; };
		3C3F362222D6D01100E05672 /* DetailSinoxisTableViewCell.swift in Sources */ = {isa = PBXBuildFile; fileRef = 3C3F362122D6D01100E05672 /* DetailSinoxisTableViewCell.swift */; };
		3C3F362422D6D65E00E05672 /* DetailRatingCell.xib in Resources */ = {isa = PBXBuildFile; fileRef = 3C3F362322D6D65E00E05672 /* DetailRatingCell.xib */; };
		3C3F362622D6D70400E05672 /* DetailRatingTableViewCell.swift in Sources */ = {isa = PBXBuildFile; fileRef = 3C3F362522D6D70400E05672 /* DetailRatingTableViewCell.swift */; };
		3C3F362822D6D75700E05672 /* DetailCastCell.xib in Resources */ = {isa = PBXBuildFile; fileRef = 3C3F362722D6D75700E05672 /* DetailCastCell.xib */; };
		3C3F362A22D6D8B800E05672 /* DetailCastTableViewCell.swift in Sources */ = {isa = PBXBuildFile; fileRef = 3C3F362922D6D8B800E05672 /* DetailCastTableViewCell.swift */; };
		3C7B200E22DEB595001A4732 /* UserProfileCardView.xib in Resources */ = {isa = PBXBuildFile; fileRef = 3C7B200D22DEB595001A4732 /* UserProfileCardView.xib */; };
		3C8BF6D122E5175F006FE7BF /* Content.swift in Sources */ = {isa = PBXBuildFile; fileRef = 3C8BF6D022E5175F006FE7BF /* Content.swift */; };
		3C8BF6D422E51CFC006FE7BF /* APIRequest.swift in Sources */ = {isa = PBXBuildFile; fileRef = 3C8BF6D322E51CFC006FE7BF /* APIRequest.swift */; };
		3C8BF6D622E51D1C006FE7BF /* APIResource.swift in Sources */ = {isa = PBXBuildFile; fileRef = 3C8BF6D522E51D1C006FE7BF /* APIResource.swift */; };
		3C8BF6D922E51D7C006FE7BF /* BaseService.swift in Sources */ = {isa = PBXBuildFile; fileRef = 3C8BF6D822E51D7C006FE7BF /* BaseService.swift */; };
		3C8BF6DB22E51F9A006FE7BF /* ContentService.swift in Sources */ = {isa = PBXBuildFile; fileRef = 3C8BF6DA22E51F9A006FE7BF /* ContentService.swift */; };
		3C8BF6DD22E52931006FE7BF /* DynamicType.swift in Sources */ = {isa = PBXBuildFile; fileRef = 3C8BF6DC22E52931006FE7BF /* DynamicType.swift */; };
		3C8BF6DF22E52962006FE7BF /* ContentPresenter.swift in Sources */ = {isa = PBXBuildFile; fileRef = 3C8BF6DE22E52962006FE7BF /* ContentPresenter.swift */; };
		3C96268422D3F3E800ACD8EB /* AuthenticationServices.framework in Frameworks */ = {isa = PBXBuildFile; fileRef = 3C96268322D3F3E800ACD8EB /* AuthenticationServices.framework */; };
		3CBA7B4822DFF36400E41AA5 /* UserProfileCardView.swift in Sources */ = {isa = PBXBuildFile; fileRef = 3CBA7B4722DFF36400E41AA5 /* UserProfileCardView.swift */; };
		3CCADD3322D53B9000AA0D32 /* User.swift in Sources */ = {isa = PBXBuildFile; fileRef = 3CCADD3222D53B9000AA0D32 /* User.swift */; };
		3CCADD3522D541F400AA0D32 /* UIViewController+Extensions.swift in Sources */ = {isa = PBXBuildFile; fileRef = 3CCADD3422D541F400AA0D32 /* UIViewController+Extensions.swift */; };
		3CCADD3722D5448D00AA0D32 /* SplashViewController.xib in Resources */ = {isa = PBXBuildFile; fileRef = 3CCADD3622D5448D00AA0D32 /* SplashViewController.xib */; };
		3CCADD3922D544F000AA0D32 /* LoginViewController.xib in Resources */ = {isa = PBXBuildFile; fileRef = 3CCADD3822D544F000AA0D32 /* LoginViewController.xib */; };
		3CF7303122D27210009236D7 /* MoviesListViewController.swift in Sources */ = {isa = PBXBuildFile; fileRef = 3CF7303022D27210009236D7 /* MoviesListViewController.swift */; };
		3CF7303322D2722E009236D7 /* SeriesListViewController.swift in Sources */ = {isa = PBXBuildFile; fileRef = 3CF7303222D2722E009236D7 /* SeriesListViewController.swift */; };
		3CF7303522D2724A009236D7 /* UserProfileViewController.swift in Sources */ = {isa = PBXBuildFile; fileRef = 3CF7303422D2724A009236D7 /* UserProfileViewController.swift */; };
		3CF7303722D27281009236D7 /* LoginViewController.swift in Sources */ = {isa = PBXBuildFile; fileRef = 3CF7303622D27281009236D7 /* LoginViewController.swift */; };
		3CF7303922D27297009236D7 /* SplashViewController.swift in Sources */ = {isa = PBXBuildFile; fileRef = 3CF7303822D27297009236D7 /* SplashViewController.swift */; };
		3CF7303B22D29F44009236D7 /* ContentCellA.xib in Resources */ = {isa = PBXBuildFile; fileRef = 3CF7303A22D29F44009236D7 /* ContentCellA.xib */; };
		3CF7303D22D2C0AF009236D7 /* ContentCellB.xib in Resources */ = {isa = PBXBuildFile; fileRef = 3CF7303C22D2C0AF009236D7 /* ContentCellB.xib */; };
		3CF7303F22D2C6CE009236D7 /* ContentSectionCell.xib in Resources */ = {isa = PBXBuildFile; fileRef = 3CF7303E22D2C6CE009236D7 /* ContentSectionCell.xib */; };
		3CF7304322D39D0F009236D7 /* ContentTableCell.xib in Resources */ = {isa = PBXBuildFile; fileRef = 3CF7304222D39D0F009236D7 /* ContentTableCell.xib */; };
		C186FAB2B3A14C8974E2845F /* Pods_WatchOn.framework in Frameworks */ = {isa = PBXBuildFile; fileRef = 9EA31ADF5616C9D11DB7F5AD /* Pods_WatchOn.framework */; };
		EC9CAC4636C15C4575BEEC26 /* Pods_WatchOnUITests.framework in Frameworks */ = {isa = PBXBuildFile; fileRef = 87D3DB48BEF08A8DBC5BD6B1 /* Pods_WatchOnUITests.framework */; };
/* End PBXBuildFile section */

/* Begin PBXContainerItemProxy section */
		3C14720E22D1259B000AE37D /* PBXContainerItemProxy */ = {
			isa = PBXContainerItemProxy;
			containerPortal = 3C1471F122D12599000AE37D /* Project object */;
			proxyType = 1;
			remoteGlobalIDString = 3C1471F822D12599000AE37D;
			remoteInfo = WatchOn;
		};
		3C14721922D1259B000AE37D /* PBXContainerItemProxy */ = {
			isa = PBXContainerItemProxy;
			containerPortal = 3C1471F122D12599000AE37D /* Project object */;
			proxyType = 1;
			remoteGlobalIDString = 3C1471F822D12599000AE37D;
			remoteInfo = WatchOn;
		};
/* End PBXContainerItemProxy section */

/* Begin PBXFileReference section */
		19FC964AE8E8C45210AD9F70 /* Pods-WatchOn.release.xcconfig */ = {isa = PBXFileReference; includeInIndex = 1; lastKnownFileType = text.xcconfig; name = "Pods-WatchOn.release.xcconfig"; path = "Target Support Files/Pods-WatchOn/Pods-WatchOn.release.xcconfig"; sourceTree = "<group>"; };
		2D387619911A366FC3E6E0FB /* Pods-WatchOnTests.release.xcconfig */ = {isa = PBXFileReference; includeInIndex = 1; lastKnownFileType = text.xcconfig; name = "Pods-WatchOnTests.release.xcconfig"; path = "Target Support Files/Pods-WatchOnTests/Pods-WatchOnTests.release.xcconfig"; sourceTree = "<group>"; };
		34068F8B233B044000ABC7FC /* ContentCellF.xib */ = {isa = PBXFileReference; lastKnownFileType = file.xib; path = ContentCellF.xib; sourceTree = "<group>"; };
		34068F8D233B0BC200ABC7FC /* ContentFCollectionViewCell.swift */ = {isa = PBXFileReference; lastKnownFileType = sourcecode.swift; path = ContentFCollectionViewCell.swift; sourceTree = "<group>"; };
		3450C80923272B1D00A75ED4 /* PaymentCardTableViewCell.swift */ = {isa = PBXFileReference; lastKnownFileType = sourcecode.swift; path = PaymentCardTableViewCell.swift; sourceTree = "<group>"; };
		3450C80B23272B3600A75ED4 /* PaymentCardCell.xib */ = {isa = PBXFileReference; lastKnownFileType = file.xib; path = PaymentCardCell.xib; sourceTree = "<group>"; };
		346D0B512337EB8900DB90F5 /* SerieContent.swift */ = {isa = PBXFileReference; lastKnownFileType = sourcecode.swift; path = SerieContent.swift; sourceTree = "<group>"; };
		346D0B5323380AD100DB90F5 /* SeriesContentService.swift */ = {isa = PBXFileReference; lastKnownFileType = sourcecode.swift; path = SeriesContentService.swift; sourceTree = "<group>"; };
		346D0B5523380C5A00DB90F5 /* SerieContentPresenter.swift */ = {isa = PBXFileReference; lastKnownFileType = sourcecode.swift; path = SerieContentPresenter.swift; sourceTree = "<group>"; };
		346D0B572338352400DB90F5 /* ContentCellD.xib */ = {isa = PBXFileReference; lastKnownFileType = file.xib; path = ContentCellD.xib; sourceTree = "<group>"; };
		346D0B59233838C300DB90F5 /* ContentDCollectionViewCell.swift */ = {isa = PBXFileReference; lastKnownFileType = sourcecode.swift; path = ContentDCollectionViewCell.swift; sourceTree = "<group>"; };
		34779F0E23160FD30095BEAD /* Genre.swift */ = {isa = PBXFileReference; lastKnownFileType = sourcecode.swift; path = Genre.swift; sourceTree = "<group>"; };
		3481CC50231F43520043B363 /* WButton.swift */ = {isa = PBXFileReference; lastKnownFileType = sourcecode.swift; path = WButton.swift; sourceTree = "<group>"; };
		348F6F5E233719BC00970C43 /* NotInternetView.xib */ = {isa = PBXFileReference; lastKnownFileType = file.xib; path = NotInternetView.xib; sourceTree = "<group>"; };
		348F6F60233719DE00970C43 /* NotInternetViewController.swift */ = {isa = PBXFileReference; lastKnownFileType = sourcecode.swift; path = NotInternetViewController.swift; sourceTree = "<group>"; };
		349A18D52318A54A00143F86 /* String+Extensions.swift */ = {isa = PBXFileReference; lastKnownFileType = sourcecode.swift; path = "String+Extensions.swift"; sourceTree = "<group>"; };
		349A18D72318BEDD00143F86 /* ContentCellC.xib */ = {isa = PBXFileReference; lastKnownFileType = file.xib; path = ContentCellC.xib; sourceTree = "<group>"; };
		349A18D92318C28900143F86 /* ContentCCollectionViewCell.swift */ = {isa = PBXFileReference; lastKnownFileType = sourcecode.swift; path = ContentCCollectionViewCell.swift; sourceTree = "<group>"; };
		34B294A42321E15B00BB20D7 /* MediaData.swift */ = {isa = PBXFileReference; lastKnownFileType = sourcecode.swift; path = MediaData.swift; sourceTree = "<group>"; };
		34B294A62321EAB400BB20D7 /* MainMediaPlayerViewController.swift */ = {isa = PBXFileReference; lastKnownFileType = sourcecode.swift; path = MainMediaPlayerViewController.swift; sourceTree = "<group>"; };
		34B294A82321FE7F00BB20D7 /* MainMediaPlayerViewController.xib */ = {isa = PBXFileReference; lastKnownFileType = file.xib; path = MainMediaPlayerViewController.xib; sourceTree = "<group>"; };
		34B5B40C2329AE4200B4AB57 /* FavCell.xib */ = {isa = PBXFileReference; lastKnownFileType = file.xib; path = FavCell.xib; sourceTree = "<group>"; };
		34B5B40E2329B2B800B4AB57 /* FavTableViewCell.swift */ = {isa = PBXFileReference; lastKnownFileType = sourcecode.swift; path = FavTableViewCell.swift; sourceTree = "<group>"; };
		34BD3B152323555400F1A620 /* LoadingContent.json */ = {isa = PBXFileReference; fileEncoding = 4; lastKnownFileType = text.json; path = LoadingContent.json; sourceTree = "<group>"; };
		34BFBE32231DEB3F0058B65F /* MainTabBarViewController.swift */ = {isa = PBXFileReference; lastKnownFileType = sourcecode.swift; path = MainTabBarViewController.swift; sourceTree = "<group>"; };
		34C4CE30232B0D92005D72C3 /* en */ = {isa = PBXFileReference; lastKnownFileType = text.plist.strings; name = en; path = en.lproj/Localizable.strings; sourceTree = "<group>"; };
		34C4CE32232B0DC2005D72C3 /* es */ = {isa = PBXFileReference; lastKnownFileType = text.plist.strings; name = es; path = es.lproj/Localizable.strings; sourceTree = "<group>"; };
		34C4CE33232B1449005D72C3 /* UIElements+Extensions.swift */ = {isa = PBXFileReference; lastKnownFileType = sourcecode.swift; path = "UIElements+Extensions.swift"; sourceTree = "<group>"; };
		34CBA04B232E98D000EDF45D /* UserPresenter.swift */ = {isa = PBXFileReference; lastKnownFileType = sourcecode.swift; path = UserPresenter.swift; sourceTree = "<group>"; };
		34CBA04D232F009300EDF45D /* Keys.swift */ = {isa = PBXFileReference; lastKnownFileType = sourcecode.swift; path = Keys.swift; sourceTree = "<group>"; };
		34D134A8231AF50A0053AA05 /* UIImageView+Extensions.swift */ = {isa = PBXFileReference; lastKnownFileType = sourcecode.swift; path = "UIImageView+Extensions.swift"; sourceTree = "<group>"; };
		34D134AA231B14CA0053AA05 /* CastCell.xib */ = {isa = PBXFileReference; lastKnownFileType = file.xib; path = CastCell.xib; sourceTree = "<group>"; };
		34D134AC231B15880053AA05 /* CastCollectionViewCell.swift */ = {isa = PBXFileReference; lastKnownFileType = sourcecode.swift; path = CastCollectionViewCell.swift; sourceTree = "<group>"; };
		34D134AE231B4F840053AA05 /* UIView+Extensions.swift */ = {isa = PBXFileReference; lastKnownFileType = sourcecode.swift; path = "UIView+Extensions.swift"; sourceTree = "<group>"; };
		34D134B0231B537C0053AA05 /* DetailActionBtnCell.xib */ = {isa = PBXFileReference; lastKnownFileType = file.xib; path = DetailActionBtnCell.xib; sourceTree = "<group>"; };
		34D134B4231B56470053AA05 /* DetailActionBtnTableViewCell.swift */ = {isa = PBXFileReference; lastKnownFileType = sourcecode.swift; path = DetailActionBtnTableViewCell.swift; sourceTree = "<group>"; };
		34D134B6231C50540053AA05 /* CastMember.swift */ = {isa = PBXFileReference; lastKnownFileType = sourcecode.swift; path = CastMember.swift; sourceTree = "<group>"; };
		34D96675232F138B001F888E /* WCard.swift */ = {isa = PBXFileReference; lastKnownFileType = sourcecode.swift; path = WCard.swift; sourceTree = "<group>"; };
		34DD5DC2233C56BC00C29285 /* EpisodeCell.xib */ = {isa = PBXFileReference; lastKnownFileType = file.xib; path = EpisodeCell.xib; sourceTree = "<group>"; };
		34DD5DC4233C5A2100C29285 /* EpisodeTableViewCell.swift */ = {isa = PBXFileReference; lastKnownFileType = sourcecode.swift; path = EpisodeTableViewCell.swift; sourceTree = "<group>"; };
		34DD5DC6233C61D100C29285 /* SerieDetailCell.xib */ = {isa = PBXFileReference; lastKnownFileType = file.xib; path = SerieDetailCell.xib; sourceTree = "<group>"; };
		34DD5DC8233C64B400C29285 /* SerieDetailTableViewCell.swift */ = {isa = PBXFileReference; lastKnownFileType = sourcecode.swift; path = SerieDetailTableViewCell.swift; sourceTree = "<group>"; };
		3C1471F922D12599000AE37D /* WatchOn.app */ = {isa = PBXFileReference; explicitFileType = wrapper.application; includeInIndex = 0; path = WatchOn.app; sourceTree = BUILT_PRODUCTS_DIR; };
		3C1471FC22D12599000AE37D /* AppDelegate.swift */ = {isa = PBXFileReference; lastKnownFileType = sourcecode.swift; path = AppDelegate.swift; sourceTree = "<group>"; };
		3C14720122D12599000AE37D /* Base */ = {isa = PBXFileReference; lastKnownFileType = file.storyboard; name = Base; path = Base.lproj/Main.storyboard; sourceTree = "<group>"; };
		3C14720322D1259B000AE37D /* Assets.xcassets */ = {isa = PBXFileReference; lastKnownFileType = folder.assetcatalog; path = Assets.xcassets; sourceTree = "<group>"; };
		3C14720622D1259B000AE37D /* Base */ = {isa = PBXFileReference; lastKnownFileType = file.storyboard; name = Base; path = Base.lproj/LaunchScreen.storyboard; sourceTree = "<group>"; };
		3C14720822D1259B000AE37D /* Info.plist */ = {isa = PBXFileReference; lastKnownFileType = text.plist.xml; path = Info.plist; sourceTree = "<group>"; };
		3C14720D22D1259B000AE37D /* WatchOnTests.xctest */ = {isa = PBXFileReference; explicitFileType = wrapper.cfbundle; includeInIndex = 0; path = WatchOnTests.xctest; sourceTree = BUILT_PRODUCTS_DIR; };
		3C14721122D1259B000AE37D /* WatchOnTests.swift */ = {isa = PBXFileReference; lastKnownFileType = sourcecode.swift; path = WatchOnTests.swift; sourceTree = "<group>"; };
		3C14721322D1259B000AE37D /* Info.plist */ = {isa = PBXFileReference; lastKnownFileType = text.plist.xml; path = Info.plist; sourceTree = "<group>"; };
		3C14721822D1259B000AE37D /* WatchOnUITests.xctest */ = {isa = PBXFileReference; explicitFileType = wrapper.cfbundle; includeInIndex = 0; path = WatchOnUITests.xctest; sourceTree = BUILT_PRODUCTS_DIR; };
		3C14721C22D1259B000AE37D /* WatchOnUITests.swift */ = {isa = PBXFileReference; lastKnownFileType = sourcecode.swift; path = WatchOnUITests.swift; sourceTree = "<group>"; };
		3C14721E22D1259B000AE37D /* Info.plist */ = {isa = PBXFileReference; lastKnownFileType = text.plist.xml; path = Info.plist; sourceTree = "<group>"; };
		3C3DEC1222D39DB700A358CD /* ContentACollectionViewCell.swift */ = {isa = PBXFileReference; lastKnownFileType = sourcecode.swift; path = ContentACollectionViewCell.swift; sourceTree = "<group>"; };
		3C3DEC1422D39DC600A358CD /* ContentBCollectionViewCell.swift */ = {isa = PBXFileReference; lastKnownFileType = sourcecode.swift; path = ContentBCollectionViewCell.swift; sourceTree = "<group>"; };
		3C3DEC1622D39E0000A358CD /* ContentSectionTableViewCell.swift */ = {isa = PBXFileReference; lastKnownFileType = sourcecode.swift; path = ContentSectionTableViewCell.swift; sourceTree = "<group>"; };
		3C3DEC1822D39E2100A358CD /* ContentTableViewCell.swift */ = {isa = PBXFileReference; lastKnownFileType = sourcecode.swift; path = ContentTableViewCell.swift; sourceTree = "<group>"; };
		3C3DEC1A22D3A38000A358CD /* MainContent.swift */ = {isa = PBXFileReference; lastKnownFileType = sourcecode.swift; path = MainContent.swift; sourceTree = "<group>"; };
		3C3DEC1E22D3A6C100A358CD /* UIColor+Extensions.swift */ = {isa = PBXFileReference; lastKnownFileType = sourcecode.swift; path = "UIColor+Extensions.swift"; sourceTree = "<group>"; };
		3C3DEC2022D3A72600A358CD /* BaseViewController.swift */ = {isa = PBXFileReference; lastKnownFileType = sourcecode.swift; path = BaseViewController.swift; sourceTree = "<group>"; };
		3C3F361522D6C18200E05672 /* DetailViewController.swift */ = {isa = PBXFileReference; lastKnownFileType = sourcecode.swift; path = DetailViewController.swift; sourceTree = "<group>"; };
		3C3F361722D6C1DC00E05672 /* DetailViewController.xib */ = {isa = PBXFileReference; lastKnownFileType = file.xib; path = DetailViewController.xib; sourceTree = "<group>"; };
		3C3F361922D6C78700E05672 /* DetailCoverCell.xib */ = {isa = PBXFileReference; lastKnownFileType = file.xib; path = DetailCoverCell.xib; sourceTree = "<group>"; };
		3C3F361B22D6C97700E05672 /* DetailCoverCellTableViewCell.swift */ = {isa = PBXFileReference; lastKnownFileType = sourcecode.swift; path = DetailCoverCellTableViewCell.swift; sourceTree = "<group>"; };
		3C3F361F22D6CA9C00E05672 /* DetailSinoxisCell.xib */ = {isa = PBXFileReference; lastKnownFileType = file.xib; path = DetailSinoxisCell.xib; sourceTree = "<group>"; };
		3C3F362122D6D01100E05672 /* DetailSinoxisTableViewCell.swift */ = {isa = PBXFileReference; lastKnownFileType = sourcecode.swift; path = DetailSinoxisTableViewCell.swift; sourceTree = "<group>"; };
		3C3F362322D6D65E00E05672 /* DetailRatingCell.xib */ = {isa = PBXFileReference; lastKnownFileType = file.xib; path = DetailRatingCell.xib; sourceTree = "<group>"; };
		3C3F362522D6D70400E05672 /* DetailRatingTableViewCell.swift */ = {isa = PBXFileReference; lastKnownFileType = sourcecode.swift; path = DetailRatingTableViewCell.swift; sourceTree = "<group>"; };
		3C3F362722D6D75700E05672 /* DetailCastCell.xib */ = {isa = PBXFileReference; lastKnownFileType = file.xib; path = DetailCastCell.xib; sourceTree = "<group>"; };
		3C3F362922D6D8B800E05672 /* DetailCastTableViewCell.swift */ = {isa = PBXFileReference; lastKnownFileType = sourcecode.swift; path = DetailCastTableViewCell.swift; sourceTree = "<group>"; };
		3C7B200D22DEB595001A4732 /* UserProfileCardView.xib */ = {isa = PBXFileReference; lastKnownFileType = file.xib; path = UserProfileCardView.xib; sourceTree = "<group>"; };
		3C8BF6D022E5175F006FE7BF /* Content.swift */ = {isa = PBXFileReference; lastKnownFileType = sourcecode.swift; path = Content.swift; sourceTree = "<group>"; };
		3C8BF6D322E51CFC006FE7BF /* APIRequest.swift */ = {isa = PBXFileReference; lastKnownFileType = sourcecode.swift; path = APIRequest.swift; sourceTree = "<group>"; };
		3C8BF6D522E51D1C006FE7BF /* APIResource.swift */ = {isa = PBXFileReference; lastKnownFileType = sourcecode.swift; path = APIResource.swift; sourceTree = "<group>"; };
		3C8BF6D822E51D7C006FE7BF /* BaseService.swift */ = {isa = PBXFileReference; lastKnownFileType = sourcecode.swift; path = BaseService.swift; sourceTree = "<group>"; };
		3C8BF6DA22E51F9A006FE7BF /* ContentService.swift */ = {isa = PBXFileReference; lastKnownFileType = sourcecode.swift; path = ContentService.swift; sourceTree = "<group>"; };
		3C8BF6DC22E52931006FE7BF /* DynamicType.swift */ = {isa = PBXFileReference; lastKnownFileType = sourcecode.swift; path = DynamicType.swift; sourceTree = "<group>"; };
		3C8BF6DE22E52962006FE7BF /* ContentPresenter.swift */ = {isa = PBXFileReference; lastKnownFileType = sourcecode.swift; path = ContentPresenter.swift; sourceTree = "<group>"; };
		3C96268222D3F3C400ACD8EB /* WatchOn.entitlements */ = {isa = PBXFileReference; lastKnownFileType = text.plist.entitlements; path = WatchOn.entitlements; sourceTree = "<group>"; };
		3C96268322D3F3E800ACD8EB /* AuthenticationServices.framework */ = {isa = PBXFileReference; lastKnownFileType = wrapper.framework; name = AuthenticationServices.framework; path = System/Library/Frameworks/AuthenticationServices.framework; sourceTree = SDKROOT; };
		3CBA7B4722DFF36400E41AA5 /* UserProfileCardView.swift */ = {isa = PBXFileReference; lastKnownFileType = sourcecode.swift; path = UserProfileCardView.swift; sourceTree = "<group>"; };
		3CCADD3222D53B9000AA0D32 /* User.swift */ = {isa = PBXFileReference; lastKnownFileType = sourcecode.swift; path = User.swift; sourceTree = "<group>"; };
		3CCADD3422D541F400AA0D32 /* UIViewController+Extensions.swift */ = {isa = PBXFileReference; lastKnownFileType = sourcecode.swift; path = "UIViewController+Extensions.swift"; sourceTree = "<group>"; };
		3CCADD3622D5448D00AA0D32 /* SplashViewController.xib */ = {isa = PBXFileReference; lastKnownFileType = file.xib; path = SplashViewController.xib; sourceTree = "<group>"; };
		3CCADD3822D544F000AA0D32 /* LoginViewController.xib */ = {isa = PBXFileReference; lastKnownFileType = file.xib; path = LoginViewController.xib; sourceTree = "<group>"; };
		3CF7303022D27210009236D7 /* MoviesListViewController.swift */ = {isa = PBXFileReference; lastKnownFileType = sourcecode.swift; path = MoviesListViewController.swift; sourceTree = "<group>"; };
		3CF7303222D2722E009236D7 /* SeriesListViewController.swift */ = {isa = PBXFileReference; lastKnownFileType = sourcecode.swift; path = SeriesListViewController.swift; sourceTree = "<group>"; };
		3CF7303422D2724A009236D7 /* UserProfileViewController.swift */ = {isa = PBXFileReference; lastKnownFileType = sourcecode.swift; path = UserProfileViewController.swift; sourceTree = "<group>"; };
		3CF7303622D27281009236D7 /* LoginViewController.swift */ = {isa = PBXFileReference; lastKnownFileType = sourcecode.swift; path = LoginViewController.swift; sourceTree = "<group>"; };
		3CF7303822D27297009236D7 /* SplashViewController.swift */ = {isa = PBXFileReference; lastKnownFileType = sourcecode.swift; path = SplashViewController.swift; sourceTree = "<group>"; };
		3CF7303A22D29F44009236D7 /* ContentCellA.xib */ = {isa = PBXFileReference; lastKnownFileType = file.xib; path = ContentCellA.xib; sourceTree = "<group>"; };
		3CF7303C22D2C0AF009236D7 /* ContentCellB.xib */ = {isa = PBXFileReference; lastKnownFileType = file.xib; path = ContentCellB.xib; sourceTree = "<group>"; };
		3CF7303E22D2C6CE009236D7 /* ContentSectionCell.xib */ = {isa = PBXFileReference; lastKnownFileType = file.xib; path = ContentSectionCell.xib; sourceTree = "<group>"; };
		3CF7304222D39D0F009236D7 /* ContentTableCell.xib */ = {isa = PBXFileReference; lastKnownFileType = file.xib; path = ContentTableCell.xib; sourceTree = "<group>"; };
		6E74571948EAFA5EAB0745BB /* Pods-WatchOnUITests.release.xcconfig */ = {isa = PBXFileReference; includeInIndex = 1; lastKnownFileType = text.xcconfig; name = "Pods-WatchOnUITests.release.xcconfig"; path = "Target Support Files/Pods-WatchOnUITests/Pods-WatchOnUITests.release.xcconfig"; sourceTree = "<group>"; };
		87D3DB48BEF08A8DBC5BD6B1 /* Pods_WatchOnUITests.framework */ = {isa = PBXFileReference; explicitFileType = wrapper.framework; includeInIndex = 0; path = Pods_WatchOnUITests.framework; sourceTree = BUILT_PRODUCTS_DIR; };
		9EA31ADF5616C9D11DB7F5AD /* Pods_WatchOn.framework */ = {isa = PBXFileReference; explicitFileType = wrapper.framework; includeInIndex = 0; path = Pods_WatchOn.framework; sourceTree = BUILT_PRODUCTS_DIR; };
		A9EDC5B0E838913EBFF0CC97 /* Pods-WatchOnUITests.debug.xcconfig */ = {isa = PBXFileReference; includeInIndex = 1; lastKnownFileType = text.xcconfig; name = "Pods-WatchOnUITests.debug.xcconfig"; path = "Target Support Files/Pods-WatchOnUITests/Pods-WatchOnUITests.debug.xcconfig"; sourceTree = "<group>"; };
		CDEEFFE589F57709F41FFF02 /* Pods_WatchOnTests.framework */ = {isa = PBXFileReference; explicitFileType = wrapper.framework; includeInIndex = 0; path = Pods_WatchOnTests.framework; sourceTree = BUILT_PRODUCTS_DIR; };
		D03EEB31E95F838EEF04E2D2 /* Pods-WatchOn.debug.xcconfig */ = {isa = PBXFileReference; includeInIndex = 1; lastKnownFileType = text.xcconfig; name = "Pods-WatchOn.debug.xcconfig"; path = "Target Support Files/Pods-WatchOn/Pods-WatchOn.debug.xcconfig"; sourceTree = "<group>"; };
		ED98BEDB57F71C9D84E1D4B3 /* Pods-WatchOnTests.debug.xcconfig */ = {isa = PBXFileReference; includeInIndex = 1; lastKnownFileType = text.xcconfig; name = "Pods-WatchOnTests.debug.xcconfig"; path = "Target Support Files/Pods-WatchOnTests/Pods-WatchOnTests.debug.xcconfig"; sourceTree = "<group>"; };
/* End PBXFileReference section */

/* Begin PBXFrameworksBuildPhase section */
		3C1471F622D12599000AE37D /* Frameworks */ = {
			isa = PBXFrameworksBuildPhase;
			buildActionMask = 2147483647;
			files = (
				3C96268422D3F3E800ACD8EB /* AuthenticationServices.framework in Frameworks */,
				C186FAB2B3A14C8974E2845F /* Pods_WatchOn.framework in Frameworks */,
			);
			runOnlyForDeploymentPostprocessing = 0;
		};
		3C14720A22D1259B000AE37D /* Frameworks */ = {
			isa = PBXFrameworksBuildPhase;
			buildActionMask = 2147483647;
			files = (
				3512AE2DB5D34F755D0D29A0 /* Pods_WatchOnTests.framework in Frameworks */,
			);
			runOnlyForDeploymentPostprocessing = 0;
		};
		3C14721522D1259B000AE37D /* Frameworks */ = {
			isa = PBXFrameworksBuildPhase;
			buildActionMask = 2147483647;
			files = (
				EC9CAC4636C15C4575BEEC26 /* Pods_WatchOnUITests.framework in Frameworks */,
			);
			runOnlyForDeploymentPostprocessing = 0;
		};
/* End PBXFrameworksBuildPhase section */

/* Begin PBXGroup section */
		34BD3B142323554400F1A620 /* Animations */ = {
			isa = PBXGroup;
			children = (
				34BD3B152323555400F1A620 /* LoadingContent.json */,
			);
			path = Animations;
			sourceTree = "<group>";
		};
		3C1471F022D12599000AE37D = {
			isa = PBXGroup;
			children = (
				3C1471FB22D12599000AE37D /* WatchOn */,
				3C14721022D1259B000AE37D /* WatchOnTests */,
				3C14721B22D1259B000AE37D /* WatchOnUITests */,
				3C1471FA22D12599000AE37D /* Products */,
				9F0C0290625296A5F736EB5A /* Pods */,
				4F4091A0848F6751B46C86F7 /* Frameworks */,
			);
			sourceTree = "<group>";
		};
		3C1471FA22D12599000AE37D /* Products */ = {
			isa = PBXGroup;
			children = (
				3C1471F922D12599000AE37D /* WatchOn.app */,
				3C14720D22D1259B000AE37D /* WatchOnTests.xctest */,
				3C14721822D1259B000AE37D /* WatchOnUITests.xctest */,
			);
			name = Products;
			sourceTree = "<group>";
		};
		3C1471FB22D12599000AE37D /* WatchOn */ = {
			isa = PBXGroup;
			children = (
				3C96268222D3F3C400ACD8EB /* WatchOn.entitlements */,
				3C14722B22D125FE000AE37D /* Model */,
				3C14722E22D12621000AE37D /* ViewController */,
				3C14722F22D1262B000AE37D /* View */,
				3C14722C22D1260B000AE37D /* Presenter */,
				3C14722D22D12619000AE37D /* Service */,
				3C14722A22D125F5000AE37D /* Resource */,
			);
			path = WatchOn;
			sourceTree = "<group>";
		};
		3C14721022D1259B000AE37D /* WatchOnTests */ = {
			isa = PBXGroup;
			children = (
				3C14721122D1259B000AE37D /* WatchOnTests.swift */,
				3C14721322D1259B000AE37D /* Info.plist */,
			);
			path = WatchOnTests;
			sourceTree = "<group>";
		};
		3C14721B22D1259B000AE37D /* WatchOnUITests */ = {
			isa = PBXGroup;
			children = (
				3C14721C22D1259B000AE37D /* WatchOnUITests.swift */,
				3C14721E22D1259B000AE37D /* Info.plist */,
			);
			path = WatchOnUITests;
			sourceTree = "<group>";
		};
		3C14722A22D125F5000AE37D /* Resource */ = {
			isa = PBXGroup;
			children = (
				34BD3B142323554400F1A620 /* Animations */,
				3C3DEC1D22D3A69900A358CD /* Extentions */,
				3C3DEC1C22D3A68B00A358CD /* Utils */,
				3C1471FC22D12599000AE37D /* AppDelegate.swift */,
				3C14720322D1259B000AE37D /* Assets.xcassets */,
				3C14720822D1259B000AE37D /* Info.plist */,
				3C14720022D12599000AE37D /* Main.storyboard */,
				3C14720522D1259B000AE37D /* LaunchScreen.storyboard */,
				34C4CE31232B0D92005D72C3 /* Localizable.strings */,
			);
			path = Resource;
			sourceTree = "<group>";
		};
		3C14722B22D125FE000AE37D /* Model */ = {
			isa = PBXGroup;
			children = (
				3C3DEC1A22D3A38000A358CD /* MainContent.swift */,
				3C8BF6D022E5175F006FE7BF /* Content.swift */,
				3CCADD3222D53B9000AA0D32 /* User.swift */,
				34779F0E23160FD30095BEAD /* Genre.swift */,
				34D134B6231C50540053AA05 /* CastMember.swift */,
				34B294A42321E15B00BB20D7 /* MediaData.swift */,
				34D96675232F138B001F888E /* WCard.swift */,
				346D0B512337EB8900DB90F5 /* SerieContent.swift */,
			);
			path = Model;
			sourceTree = "<group>";
		};
		3C14722C22D1260B000AE37D /* Presenter */ = {
			isa = PBXGroup;
			children = (
				3C8BF6DE22E52962006FE7BF /* ContentPresenter.swift */,
				34CBA04B232E98D000EDF45D /* UserPresenter.swift */,
				346D0B5523380C5A00DB90F5 /* SerieContentPresenter.swift */,
			);
			path = Presenter;
			sourceTree = "<group>";
		};
		3C14722D22D12619000AE37D /* Service */ = {
			isa = PBXGroup;
			children = (
				3C8BF6D722E51D58006FE7BF /* Services */,
				3C8BF6D222E51CCF006FE7BF /* API */,
			);
			path = Service;
			sourceTree = "<group>";
		};
		3C14722E22D12621000AE37D /* ViewController */ = {
			isa = PBXGroup;
			children = (
				34BFBE32231DEB3F0058B65F /* MainTabBarViewController.swift */,
				3C3DEC2022D3A72600A358CD /* BaseViewController.swift */,
				3CF7303822D27297009236D7 /* SplashViewController.swift */,
				3CF7303622D27281009236D7 /* LoginViewController.swift */,
				3CF7303022D27210009236D7 /* MoviesListViewController.swift */,
				3CF7303222D2722E009236D7 /* SeriesListViewController.swift */,
				3CF7303422D2724A009236D7 /* UserProfileViewController.swift */,
				3C3F361522D6C18200E05672 /* DetailViewController.swift */,
				34B294A62321EAB400BB20D7 /* MainMediaPlayerViewController.swift */,
				348F6F60233719DE00970C43 /* NotInternetViewController.swift */,
				3CF7304422D39D50009236D7 /* SubView */,
			);
			path = ViewController;
			sourceTree = "<group>";
		};
		3C14722F22D1262B000AE37D /* View */ = {
			isa = PBXGroup;
			children = (
				3CF7303A22D29F44009236D7 /* ContentCellA.xib */,
				3CF7303C22D2C0AF009236D7 /* ContentCellB.xib */,
				349A18D72318BEDD00143F86 /* ContentCellC.xib */,
				346D0B572338352400DB90F5 /* ContentCellD.xib */,
				34068F8B233B044000ABC7FC /* ContentCellF.xib */,
				3CF7303E22D2C6CE009236D7 /* ContentSectionCell.xib */,
				3CF7304222D39D0F009236D7 /* ContentTableCell.xib */,
				3CCADD3622D5448D00AA0D32 /* SplashViewController.xib */,
				3CCADD3822D544F000AA0D32 /* LoginViewController.xib */,
				3C3F361722D6C1DC00E05672 /* DetailViewController.xib */,
				3C3F361922D6C78700E05672 /* DetailCoverCell.xib */,
				3C3F361F22D6CA9C00E05672 /* DetailSinoxisCell.xib */,
				3C3F362322D6D65E00E05672 /* DetailRatingCell.xib */,
				3C3F362722D6D75700E05672 /* DetailCastCell.xib */,
				3C7B200D22DEB595001A4732 /* UserProfileCardView.xib */,
				34D134AA231B14CA0053AA05 /* CastCell.xib */,
				34D134B0231B537C0053AA05 /* DetailActionBtnCell.xib */,
				34B294A82321FE7F00BB20D7 /* MainMediaPlayerViewController.xib */,
				3450C80B23272B3600A75ED4 /* PaymentCardCell.xib */,
				34B5B40C2329AE4200B4AB57 /* FavCell.xib */,
				348F6F5E233719BC00970C43 /* NotInternetView.xib */,
				34DD5DC2233C56BC00C29285 /* EpisodeCell.xib */,
				34DD5DC6233C61D100C29285 /* SerieDetailCell.xib */,
			);
			path = View;
			sourceTree = "<group>";
		};
		3C3DEC1C22D3A68B00A358CD /* Utils */ = {
			isa = PBXGroup;
			children = (
				3C8BF6DC22E52931006FE7BF /* DynamicType.swift */,
				3481CC50231F43520043B363 /* WButton.swift */,
				34CBA04D232F009300EDF45D /* Keys.swift */,
			);
			path = Utils;
			sourceTree = "<group>";
		};
		3C3DEC1D22D3A69900A358CD /* Extentions */ = {
			isa = PBXGroup;
			children = (
				3C3DEC1E22D3A6C100A358CD /* UIColor+Extensions.swift */,
				3CCADD3422D541F400AA0D32 /* UIViewController+Extensions.swift */,
				349A18D52318A54A00143F86 /* String+Extensions.swift */,
				34D134A8231AF50A0053AA05 /* UIImageView+Extensions.swift */,
				34D134AE231B4F840053AA05 /* UIView+Extensions.swift */,
				34C4CE33232B1449005D72C3 /* UIElements+Extensions.swift */,
			);
			path = Extentions;
			sourceTree = "<group>";
		};
		3C8BF6D222E51CCF006FE7BF /* API */ = {
			isa = PBXGroup;
			children = (
				3C8BF6D322E51CFC006FE7BF /* APIRequest.swift */,
				3C8BF6D522E51D1C006FE7BF /* APIResource.swift */,
			);
			path = API;
			sourceTree = "<group>";
		};
		3C8BF6D722E51D58006FE7BF /* Services */ = {
			isa = PBXGroup;
			children = (
				3C8BF6D822E51D7C006FE7BF /* BaseService.swift */,
				3C8BF6DA22E51F9A006FE7BF /* ContentService.swift */,
				346D0B5323380AD100DB90F5 /* SeriesContentService.swift */,
			);
			path = Services;
			sourceTree = "<group>";
		};
		3CF7304422D39D50009236D7 /* SubView */ = {
			isa = PBXGroup;
			children = (
				3C3DEC1222D39DB700A358CD /* ContentACollectionViewCell.swift */,
				3C3DEC1422D39DC600A358CD /* ContentBCollectionViewCell.swift */,
				349A18D92318C28900143F86 /* ContentCCollectionViewCell.swift */,
				346D0B59233838C300DB90F5 /* ContentDCollectionViewCell.swift */,
				3C3DEC1622D39E0000A358CD /* ContentSectionTableViewCell.swift */,
				3C3DEC1822D39E2100A358CD /* ContentTableViewCell.swift */,
				3C3F361B22D6C97700E05672 /* DetailCoverCellTableViewCell.swift */,
				3C3F362122D6D01100E05672 /* DetailSinoxisTableViewCell.swift */,
				3C3F362522D6D70400E05672 /* DetailRatingTableViewCell.swift */,
				3C3F362922D6D8B800E05672 /* DetailCastTableViewCell.swift */,
				3CBA7B4722DFF36400E41AA5 /* UserProfileCardView.swift */,
				34D134AC231B15880053AA05 /* CastCollectionViewCell.swift */,
				34D134B4231B56470053AA05 /* DetailActionBtnTableViewCell.swift */,
				3450C80923272B1D00A75ED4 /* PaymentCardTableViewCell.swift */,
				34B5B40E2329B2B800B4AB57 /* FavTableViewCell.swift */,
				34068F8D233B0BC200ABC7FC /* ContentFCollectionViewCell.swift */,
				34DD5DC4233C5A2100C29285 /* EpisodeTableViewCell.swift */,
				34DD5DC8233C64B400C29285 /* SerieDetailTableViewCell.swift */,
			);
			path = SubView;
			sourceTree = "<group>";
		};
		4F4091A0848F6751B46C86F7 /* Frameworks */ = {
			isa = PBXGroup;
			children = (
				3C96268322D3F3E800ACD8EB /* AuthenticationServices.framework */,
				9EA31ADF5616C9D11DB7F5AD /* Pods_WatchOn.framework */,
				CDEEFFE589F57709F41FFF02 /* Pods_WatchOnTests.framework */,
				87D3DB48BEF08A8DBC5BD6B1 /* Pods_WatchOnUITests.framework */,
			);
			name = Frameworks;
			sourceTree = "<group>";
		};
		9F0C0290625296A5F736EB5A /* Pods */ = {
			isa = PBXGroup;
			children = (
				D03EEB31E95F838EEF04E2D2 /* Pods-WatchOn.debug.xcconfig */,
				19FC964AE8E8C45210AD9F70 /* Pods-WatchOn.release.xcconfig */,
				ED98BEDB57F71C9D84E1D4B3 /* Pods-WatchOnTests.debug.xcconfig */,
				2D387619911A366FC3E6E0FB /* Pods-WatchOnTests.release.xcconfig */,
				A9EDC5B0E838913EBFF0CC97 /* Pods-WatchOnUITests.debug.xcconfig */,
				6E74571948EAFA5EAB0745BB /* Pods-WatchOnUITests.release.xcconfig */,
			);
			path = Pods;
			sourceTree = "<group>";
		};
/* End PBXGroup section */

/* Begin PBXNativeTarget section */
		3C1471F822D12599000AE37D /* WatchOn */ = {
			isa = PBXNativeTarget;
			buildConfigurationList = 3C14722122D1259B000AE37D /* Build configuration list for PBXNativeTarget "WatchOn" */;
			buildPhases = (
				A6E6B870B80F1E32D6B5225D /* [CP] Check Pods Manifest.lock */,
				3C1471F522D12599000AE37D /* Sources */,
				3C1471F622D12599000AE37D /* Frameworks */,
				3C1471F722D12599000AE37D /* Resources */,
				DB6D08EF295CE4843E2216B9 /* [CP] Embed Pods Frameworks */,
			);
			buildRules = (
			);
			dependencies = (
			);
			name = WatchOn;
			productName = WatchOn;
			productReference = 3C1471F922D12599000AE37D /* WatchOn.app */;
			productType = "com.apple.product-type.application";
		};
		3C14720C22D1259B000AE37D /* WatchOnTests */ = {
			isa = PBXNativeTarget;
			buildConfigurationList = 3C14722422D1259B000AE37D /* Build configuration list for PBXNativeTarget "WatchOnTests" */;
			buildPhases = (
				992970EA8CFD1B5DD9AF7407 /* [CP] Check Pods Manifest.lock */,
				3C14720922D1259B000AE37D /* Sources */,
				3C14720A22D1259B000AE37D /* Frameworks */,
				3C14720B22D1259B000AE37D /* Resources */,
			);
			buildRules = (
			);
			dependencies = (
				3C14720F22D1259B000AE37D /* PBXTargetDependency */,
			);
			name = WatchOnTests;
			productName = WatchOnTests;
			productReference = 3C14720D22D1259B000AE37D /* WatchOnTests.xctest */;
			productType = "com.apple.product-type.bundle.unit-test";
		};
		3C14721722D1259B000AE37D /* WatchOnUITests */ = {
			isa = PBXNativeTarget;
			buildConfigurationList = 3C14722722D1259B000AE37D /* Build configuration list for PBXNativeTarget "WatchOnUITests" */;
			buildPhases = (
				6AFB908116AA5A4F92300833 /* [CP] Check Pods Manifest.lock */,
				3C14721422D1259B000AE37D /* Sources */,
				3C14721522D1259B000AE37D /* Frameworks */,
				3C14721622D1259B000AE37D /* Resources */,
			);
			buildRules = (
			);
			dependencies = (
				3C14721A22D1259B000AE37D /* PBXTargetDependency */,
			);
			name = WatchOnUITests;
			productName = WatchOnUITests;
			productReference = 3C14721822D1259B000AE37D /* WatchOnUITests.xctest */;
			productType = "com.apple.product-type.bundle.ui-testing";
		};
/* End PBXNativeTarget section */

/* Begin PBXProject section */
		3C1471F122D12599000AE37D /* Project object */ = {
			isa = PBXProject;
			attributes = {
				LastSwiftUpdateCheck = 1020;
				LastUpgradeCheck = 1020;
				ORGANIZATIONNAME = ezCode;
				TargetAttributes = {
					3C1471F822D12599000AE37D = {
						CreatedOnToolsVersion = 10.2.1;
						SystemCapabilities = {
							com.apple.AutoFillCredentialProvider = {
								enabled = 1;
							};
							com.apple.Push = {
								enabled = 1;
							};
						};
					};
					3C14720C22D1259B000AE37D = {
						CreatedOnToolsVersion = 10.2.1;
						TestTargetID = 3C1471F822D12599000AE37D;
					};
					3C14721722D1259B000AE37D = {
						CreatedOnToolsVersion = 10.2.1;
						TestTargetID = 3C1471F822D12599000AE37D;
					};
				};
			};
			buildConfigurationList = 3C1471F422D12599000AE37D /* Build configuration list for PBXProject "WatchOn" */;
			compatibilityVersion = "Xcode 9.3";
			developmentRegion = en;
			hasScannedForEncodings = 0;
			knownRegions = (
				en,
				Base,
				es,
			);
			mainGroup = 3C1471F022D12599000AE37D;
			productRefGroup = 3C1471FA22D12599000AE37D /* Products */;
			projectDirPath = "";
			projectRoot = "";
			targets = (
				3C1471F822D12599000AE37D /* WatchOn */,
				3C14720C22D1259B000AE37D /* WatchOnTests */,
				3C14721722D1259B000AE37D /* WatchOnUITests */,
			);
		};
/* End PBXProject section */

/* Begin PBXResourcesBuildPhase section */
		3C1471F722D12599000AE37D /* Resources */ = {
			isa = PBXResourcesBuildPhase;
			buildActionMask = 2147483647;
			files = (
				34068F8C233B044000ABC7FC /* ContentCellF.xib in Resources */,
				3C14720722D1259B000AE37D /* LaunchScreen.storyboard in Resources */,
				348F6F5F233719BC00970C43 /* NotInternetView.xib in Resources */,
				3CF7303F22D2C6CE009236D7 /* ContentSectionCell.xib in Resources */,
				34C4CE2F232B0D92005D72C3 /* Localizable.strings in Resources */,
				34DD5DC3233C56BC00C29285 /* EpisodeCell.xib in Resources */,
				3CF7303B22D29F44009236D7 /* ContentCellA.xib in Resources */,
				34D134AB231B14CA0053AA05 /* CastCell.xib in Resources */,
				34B294A92321FE7F00BB20D7 /* MainMediaPlayerViewController.xib in Resources */,
				3CCADD3722D5448D00AA0D32 /* SplashViewController.xib in Resources */,
				3CF7304322D39D0F009236D7 /* ContentTableCell.xib in Resources */,
				3C14720422D1259B000AE37D /* Assets.xcassets in Resources */,
				34BD3B162323555400F1A620 /* LoadingContent.json in Resources */,
				3C14720222D12599000AE37D /* Main.storyboard in Resources */,
				3C3F361822D6C1DC00E05672 /* DetailViewController.xib in Resources */,
				3450C80C23272B3600A75ED4 /* PaymentCardCell.xib in Resources */,
				3C3F361A22D6C78700E05672 /* DetailCoverCell.xib in Resources */,
				3C3F362822D6D75700E05672 /* DetailCastCell.xib in Resources */,
				3CF7303D22D2C0AF009236D7 /* ContentCellB.xib in Resources */,
				34B5B40D2329AE4200B4AB57 /* FavCell.xib in Resources */,
				3C3F362022D6CA9C00E05672 /* DetailSinoxisCell.xib in Resources */,
				3CCADD3922D544F000AA0D32 /* LoginViewController.xib in Resources */,
				3C7B200E22DEB595001A4732 /* UserProfileCardView.xib in Resources */,
				34D134B1231B537C0053AA05 /* DetailActionBtnCell.xib in Resources */,
				3C3F362422D6D65E00E05672 /* DetailRatingCell.xib in Resources */,
				349A18D82318BEDD00143F86 /* ContentCellC.xib in Resources */,
				346D0B582338352400DB90F5 /* ContentCellD.xib in Resources */,
				34DD5DC7233C61D100C29285 /* SerieDetailCell.xib in Resources */,
			);
			runOnlyForDeploymentPostprocessing = 0;
		};
		3C14720B22D1259B000AE37D /* Resources */ = {
			isa = PBXResourcesBuildPhase;
			buildActionMask = 2147483647;
			files = (
			);
			runOnlyForDeploymentPostprocessing = 0;
		};
		3C14721622D1259B000AE37D /* Resources */ = {
			isa = PBXResourcesBuildPhase;
			buildActionMask = 2147483647;
			files = (
			);
			runOnlyForDeploymentPostprocessing = 0;
		};
/* End PBXResourcesBuildPhase section */

/* Begin PBXShellScriptBuildPhase section */
		6AFB908116AA5A4F92300833 /* [CP] Check Pods Manifest.lock */ = {
			isa = PBXShellScriptBuildPhase;
			buildActionMask = 2147483647;
			files = (
			);
			inputFileListPaths = (
			);
			inputPaths = (
				"${PODS_PODFILE_DIR_PATH}/Podfile.lock",
				"${PODS_ROOT}/Manifest.lock",
			);
			name = "[CP] Check Pods Manifest.lock";
			outputFileListPaths = (
			);
			outputPaths = (
				"$(DERIVED_FILE_DIR)/Pods-WatchOnUITests-checkManifestLockResult.txt",
			);
			runOnlyForDeploymentPostprocessing = 0;
			shellPath = /bin/sh;
			shellScript = "diff \"${PODS_PODFILE_DIR_PATH}/Podfile.lock\" \"${PODS_ROOT}/Manifest.lock\" > /dev/null\nif [ $? != 0 ] ; then\n    # print error to STDERR\n    echo \"error: The sandbox is not in sync with the Podfile.lock. Run 'pod install' or update your CocoaPods installation.\" >&2\n    exit 1\nfi\n# This output is used by Xcode 'outputs' to avoid re-running this script phase.\necho \"SUCCESS\" > \"${SCRIPT_OUTPUT_FILE_0}\"\n";
			showEnvVarsInLog = 0;
		};
		992970EA8CFD1B5DD9AF7407 /* [CP] Check Pods Manifest.lock */ = {
			isa = PBXShellScriptBuildPhase;
			buildActionMask = 2147483647;
			files = (
			);
			inputFileListPaths = (
			);
			inputPaths = (
				"${PODS_PODFILE_DIR_PATH}/Podfile.lock",
				"${PODS_ROOT}/Manifest.lock",
			);
			name = "[CP] Check Pods Manifest.lock";
			outputFileListPaths = (
			);
			outputPaths = (
				"$(DERIVED_FILE_DIR)/Pods-WatchOnTests-checkManifestLockResult.txt",
			);
			runOnlyForDeploymentPostprocessing = 0;
			shellPath = /bin/sh;
			shellScript = "diff \"${PODS_PODFILE_DIR_PATH}/Podfile.lock\" \"${PODS_ROOT}/Manifest.lock\" > /dev/null\nif [ $? != 0 ] ; then\n    # print error to STDERR\n    echo \"error: The sandbox is not in sync with the Podfile.lock. Run 'pod install' or update your CocoaPods installation.\" >&2\n    exit 1\nfi\n# This output is used by Xcode 'outputs' to avoid re-running this script phase.\necho \"SUCCESS\" > \"${SCRIPT_OUTPUT_FILE_0}\"\n";
			showEnvVarsInLog = 0;
		};
		A6E6B870B80F1E32D6B5225D /* [CP] Check Pods Manifest.lock */ = {
			isa = PBXShellScriptBuildPhase;
			buildActionMask = 2147483647;
			files = (
			);
			inputFileListPaths = (
			);
			inputPaths = (
				"${PODS_PODFILE_DIR_PATH}/Podfile.lock",
				"${PODS_ROOT}/Manifest.lock",
			);
			name = "[CP] Check Pods Manifest.lock";
			outputFileListPaths = (
			);
			outputPaths = (
				"$(DERIVED_FILE_DIR)/Pods-WatchOn-checkManifestLockResult.txt",
			);
			runOnlyForDeploymentPostprocessing = 0;
			shellPath = /bin/sh;
			shellScript = "diff \"${PODS_PODFILE_DIR_PATH}/Podfile.lock\" \"${PODS_ROOT}/Manifest.lock\" > /dev/null\nif [ $? != 0 ] ; then\n    # print error to STDERR\n    echo \"error: The sandbox is not in sync with the Podfile.lock. Run 'pod install' or update your CocoaPods installation.\" >&2\n    exit 1\nfi\n# This output is used by Xcode 'outputs' to avoid re-running this script phase.\necho \"SUCCESS\" > \"${SCRIPT_OUTPUT_FILE_0}\"\n";
			showEnvVarsInLog = 0;
		};
		DB6D08EF295CE4843E2216B9 /* [CP] Embed Pods Frameworks */ = {
			isa = PBXShellScriptBuildPhase;
			buildActionMask = 2147483647;
			files = (
			);
			inputFileListPaths = (
				"${PODS_ROOT}/Target Support Files/Pods-WatchOn/Pods-WatchOn-frameworks-${CONFIGURATION}-input-files.xcfilelist",
			);
			name = "[CP] Embed Pods Frameworks";
			outputFileListPaths = (
				"${PODS_ROOT}/Target Support Files/Pods-WatchOn/Pods-WatchOn-frameworks-${CONFIGURATION}-output-files.xcfilelist",
			);
			runOnlyForDeploymentPostprocessing = 0;
			shellPath = /bin/sh;
			shellScript = "\"${PODS_ROOT}/Target Support Files/Pods-WatchOn/Pods-WatchOn-frameworks.sh\"\n";
			showEnvVarsInLog = 0;
		};
/* End PBXShellScriptBuildPhase section */

/* Begin PBXSourcesBuildPhase section */
		3C1471F522D12599000AE37D /* Sources */ = {
			isa = PBXSourcesBuildPhase;
			buildActionMask = 2147483647;
			files = (
				3C3DEC2122D3A72600A358CD /* BaseViewController.swift in Sources */,
				3C1471FD22D12599000AE37D /* AppDelegate.swift in Sources */,
				3C3DEC1322D39DB700A358CD /* ContentACollectionViewCell.swift in Sources */,
				3C8BF6D122E5175F006FE7BF /* Content.swift in Sources */,
				3CF7303522D2724A009236D7 /* UserProfileViewController.swift in Sources */,
				3C3F361C22D6C97700E05672 /* DetailCoverCellTableViewCell.swift in Sources */,
				34D134AF231B4F840053AA05 /* UIView+Extensions.swift in Sources */,
				34D134AD231B15880053AA05 /* CastCollectionViewCell.swift in Sources */,
				3CF7303122D27210009236D7 /* MoviesListViewController.swift in Sources */,
				3CF7303922D27297009236D7 /* SplashViewController.swift in Sources */,
				34D134B7231C50540053AA05 /* CastMember.swift in Sources */,
				3C3F362622D6D70400E05672 /* DetailRatingTableViewCell.swift in Sources */,
				3C8BF6DB22E51F9A006FE7BF /* ContentService.swift in Sources */,
				349A18DA2318C28900143F86 /* ContentCCollectionViewCell.swift in Sources */,
				3450C80A23272B1D00A75ED4 /* PaymentCardTableViewCell.swift in Sources */,
				349A18D62318A54A00143F86 /* String+Extensions.swift in Sources */,
				346D0B522337EB8900DB90F5 /* SerieContent.swift in Sources */,
				34779F0F23160FD30095BEAD /* Genre.swift in Sources */,
				3CBA7B4822DFF36400E41AA5 /* UserProfileCardView.swift in Sources */,
				34D134A9231AF50A0053AA05 /* UIImageView+Extensions.swift in Sources */,
				3C8BF6D422E51CFC006FE7BF /* APIRequest.swift in Sources */,
				3CCADD3322D53B9000AA0D32 /* User.swift in Sources */,
				34DD5DC5233C5A2100C29285 /* EpisodeTableViewCell.swift in Sources */,
				34068F8E233B0BC200ABC7FC /* ContentFCollectionViewCell.swift in Sources */,
				34CBA04C232E98D000EDF45D /* UserPresenter.swift in Sources */,
				3C3F361622D6C18200E05672 /* DetailViewController.swift in Sources */,
				3CCADD3522D541F400AA0D32 /* UIViewController+Extensions.swift in Sources */,
				346D0B5423380AD100DB90F5 /* SeriesContentService.swift in Sources */,
				348F6F61233719DE00970C43 /* NotInternetViewController.swift in Sources */,
				3C8BF6DD22E52931006FE7BF /* DynamicType.swift in Sources */,
				346D0B5A233838C300DB90F5 /* ContentDCollectionViewCell.swift in Sources */,
				34B294A72321EAB400BB20D7 /* MainMediaPlayerViewController.swift in Sources */,
				3C8BF6DF22E52962006FE7BF /* ContentPresenter.swift in Sources */,
				34D96676232F138B001F888E /* WCard.swift in Sources */,
				3C3DEC1722D39E0000A358CD /* ContentSectionTableViewCell.swift in Sources */,
				34C4CE34232B1449005D72C3 /* UIElements+Extensions.swift in Sources */,
				3CF7303722D27281009236D7 /* LoginViewController.swift in Sources */,
				3C3F362A22D6D8B800E05672 /* DetailCastTableViewCell.swift in Sources */,
				34B5B40F2329B2B800B4AB57 /* FavTableViewCell.swift in Sources */,
				3C3DEC1F22D3A6C100A358CD /* UIColor+Extensions.swift in Sources */,
				3C3DEC1522D39DC600A358CD /* ContentBCollectionViewCell.swift in Sources */,
				34CBA04E232F009300EDF45D /* Keys.swift in Sources */,
				34BFBE33231DEB3F0058B65F /* MainTabBarViewController.swift in Sources */,
				3C3F362222D6D01100E05672 /* DetailSinoxisTableViewCell.swift in Sources */,
				34B294A52321E15B00BB20D7 /* MediaData.swift in Sources */,
				3481CC51231F43520043B363 /* WButton.swift in Sources */,
				3CF7303322D2722E009236D7 /* SeriesListViewController.swift in Sources */,
				3C3DEC1B22D3A38000A358CD /* MainContent.swift in Sources */,
				346D0B5623380C5A00DB90F5 /* SerieContentPresenter.swift in Sources */,
				34DD5DC9233C64B400C29285 /* SerieDetailTableViewCell.swift in Sources */,
				3C8BF6D622E51D1C006FE7BF /* APIResource.swift in Sources */,
				3C8BF6D922E51D7C006FE7BF /* BaseService.swift in Sources */,
				34D134B5231B56470053AA05 /* DetailActionBtnTableViewCell.swift in Sources */,
				3C3DEC1922D39E2100A358CD /* ContentTableViewCell.swift in Sources */,
			);
			runOnlyForDeploymentPostprocessing = 0;
		};
		3C14720922D1259B000AE37D /* Sources */ = {
			isa = PBXSourcesBuildPhase;
			buildActionMask = 2147483647;
			files = (
				3C14721222D1259B000AE37D /* WatchOnTests.swift in Sources */,
			);
			runOnlyForDeploymentPostprocessing = 0;
		};
		3C14721422D1259B000AE37D /* Sources */ = {
			isa = PBXSourcesBuildPhase;
			buildActionMask = 2147483647;
			files = (
				3C14721D22D1259B000AE37D /* WatchOnUITests.swift in Sources */,
			);
			runOnlyForDeploymentPostprocessing = 0;
		};
/* End PBXSourcesBuildPhase section */

/* Begin PBXTargetDependency section */
		3C14720F22D1259B000AE37D /* PBXTargetDependency */ = {
			isa = PBXTargetDependency;
			target = 3C1471F822D12599000AE37D /* WatchOn */;
			targetProxy = 3C14720E22D1259B000AE37D /* PBXContainerItemProxy */;
		};
		3C14721A22D1259B000AE37D /* PBXTargetDependency */ = {
			isa = PBXTargetDependency;
			target = 3C1471F822D12599000AE37D /* WatchOn */;
			targetProxy = 3C14721922D1259B000AE37D /* PBXContainerItemProxy */;
		};
/* End PBXTargetDependency section */

/* Begin PBXVariantGroup section */
		34C4CE31232B0D92005D72C3 /* Localizable.strings */ = {
			isa = PBXVariantGroup;
			children = (
				34C4CE30232B0D92005D72C3 /* en */,
				34C4CE32232B0DC2005D72C3 /* es */,
			);
			name = Localizable.strings;
			sourceTree = "<group>";
		};
		3C14720022D12599000AE37D /* Main.storyboard */ = {
			isa = PBXVariantGroup;
			children = (
				3C14720122D12599000AE37D /* Base */,
			);
			name = Main.storyboard;
			sourceTree = "<group>";
		};
		3C14720522D1259B000AE37D /* LaunchScreen.storyboard */ = {
			isa = PBXVariantGroup;
			children = (
				3C14720622D1259B000AE37D /* Base */,
			);
			name = LaunchScreen.storyboard;
			sourceTree = "<group>";
		};
/* End PBXVariantGroup section */

/* Begin XCBuildConfiguration section */
		3C14721F22D1259B000AE37D /* Debug */ = {
			isa = XCBuildConfiguration;
			buildSettings = {
				ALWAYS_SEARCH_USER_PATHS = NO;
				CLANG_ANALYZER_LOCALIZABILITY_NONLOCALIZED = YES;
				CLANG_ANALYZER_NONNULL = YES;
				CLANG_ANALYZER_NUMBER_OBJECT_CONVERSION = YES_AGGRESSIVE;
				CLANG_CXX_LANGUAGE_STANDARD = "gnu++14";
				CLANG_CXX_LIBRARY = "libc++";
				CLANG_ENABLE_MODULES = YES;
				CLANG_ENABLE_OBJC_ARC = YES;
				CLANG_ENABLE_OBJC_WEAK = YES;
				CLANG_WARN_BLOCK_CAPTURE_AUTORELEASING = YES;
				CLANG_WARN_BOOL_CONVERSION = YES;
				CLANG_WARN_COMMA = YES;
				CLANG_WARN_CONSTANT_CONVERSION = YES;
				CLANG_WARN_DEPRECATED_OBJC_IMPLEMENTATIONS = YES;
				CLANG_WARN_DIRECT_OBJC_ISA_USAGE = YES_ERROR;
				CLANG_WARN_DOCUMENTATION_COMMENTS = YES;
				CLANG_WARN_EMPTY_BODY = YES;
				CLANG_WARN_ENUM_CONVERSION = YES;
				CLANG_WARN_INFINITE_RECURSION = YES;
				CLANG_WARN_INT_CONVERSION = YES;
				CLANG_WARN_NON_LITERAL_NULL_CONVERSION = YES;
				CLANG_WARN_OBJC_IMPLICIT_RETAIN_SELF = YES;
				CLANG_WARN_OBJC_LITERAL_CONVERSION = YES;
				CLANG_WARN_OBJC_ROOT_CLASS = YES_ERROR;
				CLANG_WARN_RANGE_LOOP_ANALYSIS = YES;
				CLANG_WARN_STRICT_PROTOTYPES = YES;
				CLANG_WARN_SUSPICIOUS_MOVE = YES;
				CLANG_WARN_UNGUARDED_AVAILABILITY = YES_AGGRESSIVE;
				CLANG_WARN_UNREACHABLE_CODE = YES;
				CLANG_WARN__DUPLICATE_METHOD_MATCH = YES;
				CODE_SIGN_IDENTITY = "iPhone Developer";
				COPY_PHASE_STRIP = NO;
				DEBUG_INFORMATION_FORMAT = dwarf;
				ENABLE_STRICT_OBJC_MSGSEND = YES;
				ENABLE_TESTABILITY = YES;
				GCC_C_LANGUAGE_STANDARD = gnu11;
				GCC_DYNAMIC_NO_PIC = NO;
				GCC_NO_COMMON_BLOCKS = YES;
				GCC_OPTIMIZATION_LEVEL = 0;
				GCC_PREPROCESSOR_DEFINITIONS = (
					"DEBUG=1",
					"$(inherited)",
				);
				GCC_WARN_64_TO_32_BIT_CONVERSION = YES;
				GCC_WARN_ABOUT_RETURN_TYPE = YES_ERROR;
				GCC_WARN_UNDECLARED_SELECTOR = YES;
				GCC_WARN_UNINITIALIZED_AUTOS = YES_AGGRESSIVE;
				GCC_WARN_UNUSED_FUNCTION = YES;
				GCC_WARN_UNUSED_VARIABLE = YES;
				IPHONEOS_DEPLOYMENT_TARGET = 12.2;
				MTL_ENABLE_DEBUG_INFO = INCLUDE_SOURCE;
				MTL_FAST_MATH = YES;
				ONLY_ACTIVE_ARCH = YES;
				SDKROOT = iphoneos;
				SWIFT_ACTIVE_COMPILATION_CONDITIONS = DEBUG;
				SWIFT_OPTIMIZATION_LEVEL = "-Onone";
			};
			name = Debug;
		};
		3C14722022D1259B000AE37D /* Release */ = {
			isa = XCBuildConfiguration;
			buildSettings = {
				ALWAYS_SEARCH_USER_PATHS = NO;
				CLANG_ANALYZER_LOCALIZABILITY_NONLOCALIZED = YES;
				CLANG_ANALYZER_NONNULL = YES;
				CLANG_ANALYZER_NUMBER_OBJECT_CONVERSION = YES_AGGRESSIVE;
				CLANG_CXX_LANGUAGE_STANDARD = "gnu++14";
				CLANG_CXX_LIBRARY = "libc++";
				CLANG_ENABLE_MODULES = YES;
				CLANG_ENABLE_OBJC_ARC = YES;
				CLANG_ENABLE_OBJC_WEAK = YES;
				CLANG_WARN_BLOCK_CAPTURE_AUTORELEASING = YES;
				CLANG_WARN_BOOL_CONVERSION = YES;
				CLANG_WARN_COMMA = YES;
				CLANG_WARN_CONSTANT_CONVERSION = YES;
				CLANG_WARN_DEPRECATED_OBJC_IMPLEMENTATIONS = YES;
				CLANG_WARN_DIRECT_OBJC_ISA_USAGE = YES_ERROR;
				CLANG_WARN_DOCUMENTATION_COMMENTS = YES;
				CLANG_WARN_EMPTY_BODY = YES;
				CLANG_WARN_ENUM_CONVERSION = YES;
				CLANG_WARN_INFINITE_RECURSION = YES;
				CLANG_WARN_INT_CONVERSION = YES;
				CLANG_WARN_NON_LITERAL_NULL_CONVERSION = YES;
				CLANG_WARN_OBJC_IMPLICIT_RETAIN_SELF = YES;
				CLANG_WARN_OBJC_LITERAL_CONVERSION = YES;
				CLANG_WARN_OBJC_ROOT_CLASS = YES_ERROR;
				CLANG_WARN_RANGE_LOOP_ANALYSIS = YES;
				CLANG_WARN_STRICT_PROTOTYPES = YES;
				CLANG_WARN_SUSPICIOUS_MOVE = YES;
				CLANG_WARN_UNGUARDED_AVAILABILITY = YES_AGGRESSIVE;
				CLANG_WARN_UNREACHABLE_CODE = YES;
				CLANG_WARN__DUPLICATE_METHOD_MATCH = YES;
				CODE_SIGN_IDENTITY = "iPhone Developer";
				COPY_PHASE_STRIP = NO;
				DEBUG_INFORMATION_FORMAT = "dwarf-with-dsym";
				ENABLE_NS_ASSERTIONS = NO;
				ENABLE_STRICT_OBJC_MSGSEND = YES;
				GCC_C_LANGUAGE_STANDARD = gnu11;
				GCC_NO_COMMON_BLOCKS = YES;
				GCC_WARN_64_TO_32_BIT_CONVERSION = YES;
				GCC_WARN_ABOUT_RETURN_TYPE = YES_ERROR;
				GCC_WARN_UNDECLARED_SELECTOR = YES;
				GCC_WARN_UNINITIALIZED_AUTOS = YES_AGGRESSIVE;
				GCC_WARN_UNUSED_FUNCTION = YES;
				GCC_WARN_UNUSED_VARIABLE = YES;
				IPHONEOS_DEPLOYMENT_TARGET = 12.2;
				MTL_ENABLE_DEBUG_INFO = NO;
				MTL_FAST_MATH = YES;
				SDKROOT = iphoneos;
				SWIFT_COMPILATION_MODE = wholemodule;
				SWIFT_OPTIMIZATION_LEVEL = "-O";
				VALIDATE_PRODUCT = YES;
			};
			name = Release;
		};
		3C14722222D1259B000AE37D /* Debug */ = {
			isa = XCBuildConfiguration;
			baseConfigurationReference = D03EEB31E95F838EEF04E2D2 /* Pods-WatchOn.debug.xcconfig */;
			buildSettings = {
				ASSETCATALOG_COMPILER_APPICON_NAME = AppIcon;
				CODE_SIGN_ENTITLEMENTS = WatchOn/WatchOn.entitlements;
				CODE_SIGN_STYLE = Automatic;
				DEVELOPMENT_TEAM = LX3Q6SJ4EZ;
				INFOPLIST_FILE = "$(SRCROOT)/WatchOn/Resource/Info.plist";
				IPHONEOS_DEPLOYMENT_TARGET = 12.2;
				LD_RUNPATH_SEARCH_PATHS = (
					"$(inherited)",
					"@executable_path/Frameworks",
				);
				PRODUCT_BUNDLE_IDENTIFIER = com.ezcode.WatchOnApp;
				PRODUCT_NAME = "$(TARGET_NAME)";
				SWIFT_VERSION = 5.0;
				TARGETED_DEVICE_FAMILY = 1;
			};
			name = Debug;
		};
		3C14722322D1259B000AE37D /* Release */ = {
			isa = XCBuildConfiguration;
			baseConfigurationReference = 19FC964AE8E8C45210AD9F70 /* Pods-WatchOn.release.xcconfig */;
			buildSettings = {
				ASSETCATALOG_COMPILER_APPICON_NAME = AppIcon;
				CODE_SIGN_ENTITLEMENTS = WatchOn/WatchOn.entitlements;
				CODE_SIGN_STYLE = Automatic;
				DEVELOPMENT_TEAM = LX3Q6SJ4EZ;
				INFOPLIST_FILE = "$(SRCROOT)/WatchOn/Resource/Info.plist";
				IPHONEOS_DEPLOYMENT_TARGET = 12.2;
				LD_RUNPATH_SEARCH_PATHS = (
					"$(inherited)",
					"@executable_path/Frameworks",
				);
				PRODUCT_BUNDLE_IDENTIFIER = com.ezcode.WatchOnApp;
				PRODUCT_NAME = "$(TARGET_NAME)";
				SWIFT_VERSION = 5.0;
				TARGETED_DEVICE_FAMILY = 1;
			};
			name = Release;
		};
		3C14722522D1259B000AE37D /* Debug */ = {
			isa = XCBuildConfiguration;
			baseConfigurationReference = ED98BEDB57F71C9D84E1D4B3 /* Pods-WatchOnTests.debug.xcconfig */;
			buildSettings = {
				ALWAYS_EMBED_SWIFT_STANDARD_LIBRARIES = YES;
				BUNDLE_LOADER = "$(TEST_HOST)";
				CODE_SIGN_STYLE = Automatic;
				DEVELOPMENT_TEAM = 5A59L74428;
				INFOPLIST_FILE = WatchOnTests/Info.plist;
				LD_RUNPATH_SEARCH_PATHS = (
					"$(inherited)",
					"@executable_path/Frameworks",
					"@loader_path/Frameworks",
				);
				PRODUCT_BUNDLE_IDENTIFIER = com.ezcode.WatchOnTests;
				PRODUCT_NAME = "$(TARGET_NAME)";
				SWIFT_VERSION = 5.0;
				TARGETED_DEVICE_FAMILY = "1,2";
				TEST_HOST = "$(BUILT_PRODUCTS_DIR)/WatchOn.app/WatchOn";
			};
			name = Debug;
		};
		3C14722622D1259B000AE37D /* Release */ = {
			isa = XCBuildConfiguration;
			baseConfigurationReference = 2D387619911A366FC3E6E0FB /* Pods-WatchOnTests.release.xcconfig */;
			buildSettings = {
				ALWAYS_EMBED_SWIFT_STANDARD_LIBRARIES = YES;
				BUNDLE_LOADER = "$(TEST_HOST)";
				CODE_SIGN_STYLE = Automatic;
				DEVELOPMENT_TEAM = 5A59L74428;
				INFOPLIST_FILE = WatchOnTests/Info.plist;
				LD_RUNPATH_SEARCH_PATHS = (
					"$(inherited)",
					"@executable_path/Frameworks",
					"@loader_path/Frameworks",
				);
				PRODUCT_BUNDLE_IDENTIFIER = com.ezcode.WatchOnTests;
				PRODUCT_NAME = "$(TARGET_NAME)";
				SWIFT_VERSION = 5.0;
				TARGETED_DEVICE_FAMILY = "1,2";
				TEST_HOST = "$(BUILT_PRODUCTS_DIR)/WatchOn.app/WatchOn";
			};
			name = Release;
		};
		3C14722822D1259B000AE37D /* Debug */ = {
			isa = XCBuildConfiguration;
			baseConfigurationReference = A9EDC5B0E838913EBFF0CC97 /* Pods-WatchOnUITests.debug.xcconfig */;
			buildSettings = {
				ALWAYS_EMBED_SWIFT_STANDARD_LIBRARIES = YES;
				CODE_SIGN_STYLE = Automatic;
				DEVELOPMENT_TEAM = 5A59L74428;
				INFOPLIST_FILE = WatchOnUITests/Info.plist;
				LD_RUNPATH_SEARCH_PATHS = (
					"$(inherited)",
					"@executable_path/Frameworks",
					"@loader_path/Frameworks",
				);
				PRODUCT_BUNDLE_IDENTIFIER = com.ezcode.WatchOnUITests;
				PRODUCT_NAME = "$(TARGET_NAME)";
				SWIFT_VERSION = 5.0;
				TARGETED_DEVICE_FAMILY = "1,2";
				TEST_TARGET_NAME = WatchOn;
			};
			name = Debug;
		};
		3C14722922D1259B000AE37D /* Release */ = {
			isa = XCBuildConfiguration;
			baseConfigurationReference = 6E74571948EAFA5EAB0745BB /* Pods-WatchOnUITests.release.xcconfig */;
			buildSettings = {
				ALWAYS_EMBED_SWIFT_STANDARD_LIBRARIES = YES;
				CODE_SIGN_STYLE = Automatic;
				DEVELOPMENT_TEAM = 5A59L74428;
				INFOPLIST_FILE = WatchOnUITests/Info.plist;
				LD_RUNPATH_SEARCH_PATHS = (
					"$(inherited)",
					"@executable_path/Frameworks",
					"@loader_path/Frameworks",
				);
				PRODUCT_BUNDLE_IDENTIFIER = com.ezcode.WatchOnUITests;
				PRODUCT_NAME = "$(TARGET_NAME)";
				SWIFT_VERSION = 5.0;
				TARGETED_DEVICE_FAMILY = "1,2";
				TEST_TARGET_NAME = WatchOn;
			};
			name = Release;
		};
/* End XCBuildConfiguration section */

/* Begin XCConfigurationList section */
		3C1471F422D12599000AE37D /* Build configuration list for PBXProject "WatchOn" */ = {
			isa = XCConfigurationList;
			buildConfigurations = (
				3C14721F22D1259B000AE37D /* Debug */,
				3C14722022D1259B000AE37D /* Release */,
			);
			defaultConfigurationIsVisible = 0;
			defaultConfigurationName = Release;
		};
		3C14722122D1259B000AE37D /* Build configuration list for PBXNativeTarget "WatchOn" */ = {
			isa = XCConfigurationList;
			buildConfigurations = (
				3C14722222D1259B000AE37D /* Debug */,
				3C14722322D1259B000AE37D /* Release */,
			);
			defaultConfigurationIsVisible = 0;
			defaultConfigurationName = Release;
		};
		3C14722422D1259B000AE37D /* Build configuration list for PBXNativeTarget "WatchOnTests" */ = {
			isa = XCConfigurationList;
			buildConfigurations = (
				3C14722522D1259B000AE37D /* Debug */,
				3C14722622D1259B000AE37D /* Release */,
			);
			defaultConfigurationIsVisible = 0;
			defaultConfigurationName = Release;
		};
		3C14722722D1259B000AE37D /* Build configuration list for PBXNativeTarget "WatchOnUITests" */ = {
			isa = XCConfigurationList;
			buildConfigurations = (
				3C14722822D1259B000AE37D /* Debug */,
				3C14722922D1259B000AE37D /* Release */,
			);
			defaultConfigurationIsVisible = 0;
			defaultConfigurationName = Release;
		};
/* End XCConfigurationList section */
	};
	rootObject = 3C1471F122D12599000AE37D /* Project object */;
}
